{
    "name": "keymap",
    "version": "0.0.1",
    "lockfileVersion": 3,
    "requires": true,
    "packages": {
        "": {
            "name": "keymap",
            "version": "0.0.1",
            "devDependencies": {
                "jsonc-parser": "^3.2.1"
            },
            "engines": {
                "vscode": "^1.87.0"
            }
        },
        "node_modules/jsonc-parser": {
            "version": "3.2.1",
            "resolved": "https://registry.npmmirror.com/jsonc-parser/-/jsonc-parser-3.2.1.tgz",
            "integrity": "sha512-AilxAyFOAcK5wA1+LeaySVBrHsGQvUFCDWXKpZjzaL0PqW+xfBOttn8GNtWKFWqneyMZj41MWF9Kl6iPWLwgOA==",
            "dev": true
        }
    }
}
